
Microsoft Visual Studio Solution File, Format Version 12.00
# Visual Studio Version 16
VisualStudioVersion = 16.0.30517.126
MinimumVisualStudioVersion = 10.0.40219.1
Project("{FAE04EC0-301F-11D3-BF4B-00C04F79EFBC}") = "ReverseTheNumber", "ReverseTheNumber.csproj", "{EDF4C094-A2D0-4AAD-912E-512DBD762600}"
EndProject
Global
	GlobalSection(SolutionConfigurationPlatforms) = preSolution
		Debug|Any CPU = Debug|Any CPU
		Release|Any CPU = Release|Any CPU
	EndGlobalSection
	GlobalSection(ProjectConfigurationPlatforms) = postSolution
		{EDF4C094-A2D0-4AAD-912E-512DBD762600}.Debug|Any CPU.ActiveCfg = Debug|Any CPU
		{EDF4C094-A2D0-4AAD-912E-512DBD762600}.Debug|Any CPU.Build.0 = Debug|Any CPU
		{EDF4C094-A2D0-4AAD-912E-512DBD762600}.Release|Any CPU.ActiveCfg = Release|Any CPU
		{EDF4C094-A2D0-4AAD-912E-512DBD762600}.Release|Any CPU.Build.0 = Release|Any CPU
	EndGlobalSection
	GlobalSection(SolutionProperties) = preSolution
		HideSolutionNode = FALSE
	EndGlobalSection
	GlobalSection(ExtensibilityGlobals) = postSolution
		SolutionGuid = {121229EF-C542-42C2-BB16-24A9D3E88D22}
	EndGlobalSection
EndGlobal
